// !$*UTF8*$!
{
	archiveVersion = 1;
	classes = {
	};
	objectVersion = 46;
	objects = {

/* Begin PBXBuildFile section */
		5E023F861AD592B80002AFBC /* addItem.png in Resources */ = {isa = PBXBuildFile; fileRef = 5E023F851AD592B80002AFBC /* addItem.png */; };
		5E023F881AD59F200002AFBC /* logo-white-design-png-transp-100.png in Resources */ = {isa = PBXBuildFile; fileRef = 5E023F871AD59F200002AFBC /* logo-white-design-png-transp-100.png */; };
		5E0242911AC47FFB0094BB05 /* Screen Shot 2015-03-26 at 1.56.29 PM 1.png in Resources */ = {isa = PBXBuildFile; fileRef = 5E0242901AC47FFB0094BB05 /* Screen Shot 2015-03-26 at 1.56.29 PM 1.png */; };
		5E0242931AC481E80094BB05 /* menubtn.png in Resources */ = {isa = PBXBuildFile; fileRef = 5E0242921AC481E80094BB05 /* menubtn.png */; };
		5E0E0CD51ADEE86C008D9467 /* ImageLabelView.swift in Sources */ = {isa = PBXBuildFile; fileRef = 5E0E0CD41ADEE86C008D9467 /* ImageLabelView.swift */; };
		5E1DCC9F1AD44C72002D41FD /* tiger.jpg in Resources */ = {isa = PBXBuildFile; fileRef = 5E1DCC9E1AD44C71002D41FD /* tiger.jpg */; };
		5E1DCCA21AD47C53002D41FD /* btn-check.png in Resources */ = {isa = PBXBuildFile; fileRef = 5E1DCCA01AD47C53002D41FD /* btn-check.png */; };
		5E1DCCA31AD47C53002D41FD /* btn-x.png in Resources */ = {isa = PBXBuildFile; fileRef = 5E1DCCA11AD47C53002D41FD /* btn-x.png */; };
		5E1DCCA51AD486D2002D41FD /* AddItem.swift in Sources */ = {isa = PBXBuildFile; fileRef = 5E1DCCA41AD486D2002D41FD /* AddItem.swift */; };
		5E1FEE6D1AD8431B00C08131 /* CoreGraphics.framework in Frameworks */ = {isa = PBXBuildFile; fileRef = 5E1FEE6C1AD8431B00C08131 /* CoreGraphics.framework */; };
		5E1FEE6F1AD8432100C08131 /* UIKit.framework in Frameworks */ = {isa = PBXBuildFile; fileRef = 5E1FEE6E1AD8432100C08131 /* UIKit.framework */; };
		5E1FEE7C1AD8641900C08131 /* MDCSwipeToChooseView.m in Sources */ = {isa = PBXBuildFile; fileRef = 5E1FEE7B1AD8641900C08131 /* MDCSwipeToChooseView.m */; };
		5E6760881AD8138600EC899F /* Photos.framework in Frameworks */ = {isa = PBXBuildFile; fileRef = 5E6760871AD8138600EC899F /* Photos.framework */; };
		5E8055421AE541460035521C /* ItemDetails.swift in Sources */ = {isa = PBXBuildFile; fileRef = 5E8055411AE541460035521C /* ItemDetails.swift */; };
		5E8055571AEA78790035521C /* Bakkle WatchKit App.app in Resources */ = {isa = PBXBuildFile; fileRef = 5E8055561AEA78790035521C /* Bakkle WatchKit App.app */; };
		5EBDD6911AB211E600C7FBE7 /* AppDelegate.swift in Sources */ = {isa = PBXBuildFile; fileRef = 5EBDD6901AB211E600C7FBE7 /* AppDelegate.swift */; };
		5EBDD6931AB211E600C7FBE7 /* ViewController.swift in Sources */ = {isa = PBXBuildFile; fileRef = 5EBDD6921AB211E600C7FBE7 /* ViewController.swift */; };
		5EBDD6981AB211E600C7FBE7 /* Images.xcassets in Resources */ = {isa = PBXBuildFile; fileRef = 5EBDD6971AB211E600C7FBE7 /* Images.xcassets */; };
		5EBDD6A71AB211E600C7FBE7 /* BakkleTests.swift in Sources */ = {isa = PBXBuildFile; fileRef = 5EBDD6A61AB211E600C7FBE7 /* BakkleTests.swift */; };
		5EBDD6B11AB2139700C7FBE7 /* bakkleLogo.png in Resources */ = {isa = PBXBuildFile; fileRef = 5EBDD6B01AB2139700C7FBE7 /* bakkleLogo.png */; };
		5EE2C98B1AB9D1730031D8CD /* FeedScreen.swift in Sources */ = {isa = PBXBuildFile; fileRef = 5EE2C98A1AB9D1730031D8CD /* FeedScreen.swift */; };
		5EE2C98D1AB9E3B40031D8CD /* Foundation.framework in Frameworks */ = {isa = PBXBuildFile; fileRef = 5EE2C98C1AB9E3B40031D8CD /* Foundation.framework */; };
		5EE2C9B21AB9F0FB0031D8CD /* UIView+MDCSwipeToChoose.m in Sources */ = {isa = PBXBuildFile; fileRef = 5EE2C99D1AB9F0FA0031D8CD /* UIView+MDCSwipeToChoose.m */; };
		5EE2C9B41AB9F0FB0031D8CD /* MDCSwipeOptions.m in Sources */ = {isa = PBXBuildFile; fileRef = 5EE2C9A11AB9F0FA0031D8CD /* MDCSwipeOptions.m */; };
		5EE2C9B51AB9F0FB0031D8CD /* MDCSwipeToChooseViewOptions.m in Sources */ = {isa = PBXBuildFile; fileRef = 5EE2C9A31AB9F0FA0031D8CD /* MDCSwipeToChooseViewOptions.m */; };
		5EE2C9B61AB9F0FB0031D8CD /* MDCSwipeResult.m in Sources */ = {isa = PBXBuildFile; fileRef = 5EE2C9A61AB9F0FA0031D8CD /* MDCSwipeResult.m */; };
		5EE2C9B71AB9F0FB0031D8CD /* MDCPanState.m in Sources */ = {isa = PBXBuildFile; fileRef = 5EE2C9A81AB9F0FA0031D8CD /* MDCPanState.m */; };
		5EE2C9B81AB9F0FB0031D8CD /* MDCGeometry.m in Sources */ = {isa = PBXBuildFile; fileRef = 5EE2C9AA1AB9F0FB0031D8CD /* MDCGeometry.m */; };
		5EE2C9B91AB9F0FB0031D8CD /* UIColor+MDCRGB8Bit.m in Sources */ = {isa = PBXBuildFile; fileRef = 5EE2C9AC1AB9F0FB0031D8CD /* UIColor+MDCRGB8Bit.m */; };
		5EE2C9BA1AB9F0FB0031D8CD /* UIView+MDCBorderedLabel.m in Sources */ = {isa = PBXBuildFile; fileRef = 5EE2C9AE1AB9F0FB0031D8CD /* UIView+MDCBorderedLabel.m */; };
		5EE2C9BB1AB9F0FB0031D8CD /* MDCViewState.m in Sources */ = {isa = PBXBuildFile; fileRef = 5EE2C9B01AB9F0FB0031D8CD /* MDCViewState.m */; };
		A003EB141AD4CCA600EE51A1 /* SWRevealViewController.m in Sources */ = {isa = PBXBuildFile; fileRef = A003EB131AD4CCA600EE51A1 /* SWRevealViewController.m */; };
		A003EB161AD4D71C00EE51A1 /* mock-menu.png in Resources */ = {isa = PBXBuildFile; fileRef = A003EB151AD4D71C00EE51A1 /* mock-menu.png */; };
		A003EB1A1AD4DB8800EE51A1 /* item-lawnmower.png in Resources */ = {isa = PBXBuildFile; fileRef = A003EB191AD4DB8800EE51A1 /* item-lawnmower.png */; };
		A018DF881ADE07E700AF5550 /* btn-add.png in Resources */ = {isa = PBXBuildFile; fileRef = A018DF861ADE07E700AF5550 /* btn-add.png */; };
		A018DF891ADE07E700AF5550 /* btn-cancel.png in Resources */ = {isa = PBXBuildFile; fileRef = A018DF871ADE07E700AF5550 /* btn-cancel.png */; };
		A018DF8B1ADE08DB00AF5550 /* btn-add-disabled.png in Resources */ = {isa = PBXBuildFile; fileRef = A018DF8A1ADE08DB00AF5550 /* btn-add-disabled.png */; };
		A018DF8D1ADE09A500AF5550 /* mock-additem.png in Resources */ = {isa = PBXBuildFile; fileRef = A018DF8C1ADE09A500AF5550 /* mock-additem.png */; };
		A03508F31AB3C34900CA6455 /* SplashScreen-bkg.png in Resources */ = {isa = PBXBuildFile; fileRef = A03508F21AB3C34900CA6455 /* SplashScreen-bkg.png */; };
		A03508F71AB3C5FB00CA6455 /* logo-green-design-png-white.png in Resources */ = {isa = PBXBuildFile; fileRef = A03508F61AB3C5FB00CA6455 /* logo-green-design-png-white.png */; };
		A03508F91AB3C6AE00CA6455 /* logo-white-design-png.png in Resources */ = {isa = PBXBuildFile; fileRef = A03508F81AB3C6AE00CA6455 /* logo-white-design-png.png */; };
		A04AAE401ACA2E6600BA7CBD /* FacebookSDK in Frameworks */ = {isa = PBXBuildFile; fileRef = A04AAE3F1ACA2E6600BA7CBD /* FacebookSDK */; };
		A06AA9EE1AD609530075D7F7 /* Bakkle.swift in Sources */ = {isa = PBXBuildFile; fileRef = A06AA9ED1AD609530075D7F7 /* Bakkle.swift */; };
		A0A200011ACE2F7500A42CD8 /* btn-email40.png in Resources */ = {isa = PBXBuildFile; fileRef = A0A2FFFE1ACE2F7500A42CD8 /* btn-email40.png */; };
		A0A200021ACE2F7500A42CD8 /* btn-facebook40.png in Resources */ = {isa = PBXBuildFile; fileRef = A0A2FFFF1ACE2F7500A42CD8 /* btn-facebook40.png */; };
		A0A200031ACE2F7500A42CD8 /* btn-sign-in40.png in Resources */ = {isa = PBXBuildFile; fileRef = A0A200001ACE2F7500A42CD8 /* btn-sign-in40.png */; };
		A0A200051ACE30C200A42CD8 /* btn-logout40.png in Resources */ = {isa = PBXBuildFile; fileRef = A0A200041ACE30C200A42CD8 /* btn-logout40.png */; };
		A0A2FFF31ACE213F00A42CD8 /* logo-white-design-png-100.png in Resources */ = {isa = PBXBuildFile; fileRef = A0A2FFF21ACE213F00A42CD8 /* logo-white-design-png-100.png */; };
		A0A2FFF51ACE232F00A42CD8 /* LoginScreen-bkg.png in Resources */ = {isa = PBXBuildFile; fileRef = A0A2FFF41ACE232F00A42CD8 /* LoginScreen-bkg.png */; };
		A0A2FFF71ACE276200A42CD8 /* FBSDKCoreKit.framework in Frameworks */ = {isa = PBXBuildFile; fileRef = A0A2FFF61ACE276200A42CD8 /* FBSDKCoreKit.framework */; };
		A0A5F71D1AEDAE54001A7D7A /* Settings.bundle in Resources */ = {isa = PBXBuildFile; fileRef = A0A5F71C1AEDAE54001A7D7A /* Settings.bundle */; };
		A0A709CE1ACAC9D700E772B9 /* Main.storyboard in Resources */ = {isa = PBXBuildFile; fileRef = 5EBDD6941AB211E600C7FBE7 /* Main.storyboard */; };
		A0A709CF1ACAC9DB00E772B9 /* LaunchScreen.xib in Resources */ = {isa = PBXBuildFile; fileRef = 5EBDD6991AB211E600C7FBE7 /* LaunchScreen.xib */; };
		A0D96F791AD765990046DA13 /* icon-gear.png in Resources */ = {isa = PBXBuildFile; fileRef = A0D96F731AD765990046DA13 /* icon-gear.png */; };
		A0D96F7A1AD765990046DA13 /* icon-filter.png in Resources */ = {isa = PBXBuildFile; fileRef = A0D96F741AD765990046DA13 /* icon-filter.png */; };
		A0D96F7B1AD765990046DA13 /* icon-down.png in Resources */ = {isa = PBXBuildFile; fileRef = A0D96F751AD765990046DA13 /* icon-down.png */; };
		A0D96F7C1AD765990046DA13 /* icon-cart.png in Resources */ = {isa = PBXBuildFile; fileRef = A0D96F761AD765990046DA13 /* icon-cart.png */; };
		A0D96F7D1AD765990046DA13 /* icon-pencil.png in Resources */ = {isa = PBXBuildFile; fileRef = A0D96F771AD765990046DA13 /* icon-pencil.png */; };
		A0D96F7E1AD765990046DA13 /* icon-house.png in Resources */ = {isa = PBXBuildFile; fileRef = A0D96F781AD765990046DA13 /* icon-house.png */; };
		A0D96F801AD767BD0046DA13 /* MenuTableView.swift in Sources */ = {isa = PBXBuildFile; fileRef = A0D96F7F1AD767BD0046DA13 /* MenuTableView.swift */; };
		A0D96F821AD76D8E0046DA13 /* BuyersTrunkView.swift in Sources */ = {isa = PBXBuildFile; fileRef = A0D96F811AD76D8E0046DA13 /* BuyersTrunkView.swift */; };
		A0D96F841AD76F1F0046DA13 /* SettingsView.swift in Sources */ = {isa = PBXBuildFile; fileRef = A0D96F831AD76F1F0046DA13 /* SettingsView.swift */; };
		A0D96F861AD771900046DA13 /* SellersGarage.swift in Sources */ = {isa = PBXBuildFile; fileRef = A0D96F851AD771900046DA13 /* SellersGarage.swift */; };
		A0D96F881AD772DA0046DA13 /* HoldingPattern.swift in Sources */ = {isa = PBXBuildFile; fileRef = A0D96F871AD772DA0046DA13 /* HoldingPattern.swift */; };
		A0D96F8A1AD773DB0046DA13 /* FeedFilter.swift in Sources */ = {isa = PBXBuildFile; fileRef = A0D96F891AD773DB0046DA13 /* FeedFilter.swift */; };
		A0D96F901AD7751E0046DA13 /* mock-settings.png in Resources */ = {isa = PBXBuildFile; fileRef = A0D96F8F1AD7751E0046DA13 /* mock-settings.png */; };
/* End PBXBuildFile section */

/* Begin PBXContainerItemProxy section */
		5E8055581AEA78790035521C /* PBXContainerItemProxy */ = {
			isa = PBXContainerItemProxy;
			containerPortal = 5EBDD6831AB211E600C7FBE7 /* Project object */;
			proxyType = 1;
			remoteGlobalIDString = 5E8055551AEA78790035521C;
			remoteInfo = "Bakkle WatchKit App";
		};
		5EBDD6A11AB211E600C7FBE7 /* PBXContainerItemProxy */ = {
			isa = PBXContainerItemProxy;
			containerPortal = 5EBDD6831AB211E600C7FBE7 /* Project object */;
			proxyType = 1;
			remoteGlobalIDString = 5EBDD68A1AB211E600C7FBE7;
			remoteInfo = Bakkle;
		};
/* End PBXContainerItemProxy section */

/* Begin PBXFileReference section */
		5E023F851AD592B80002AFBC /* addItem.png */ = {isa = PBXFileReference; lastKnownFileType = image.png; path = addItem.png; sourceTree = "<group>"; };
		5E023F871AD59F200002AFBC /* logo-white-design-png-transp-100.png */ = {isa = PBXFileReference; lastKnownFileType = image.png; path = "logo-white-design-png-transp-100.png"; sourceTree = "<group>"; };
		5E0242901AC47FFB0094BB05 /* Screen Shot 2015-03-26 at 1.56.29 PM 1.png */ = {isa = PBXFileReference; lastKnownFileType = image.png; name = "Screen Shot 2015-03-26 at 1.56.29 PM 1.png"; path = "../Screen Shot 2015-03-26 at 1.56.29 PM 1.png"; sourceTree = "<group>"; };
		5E0242921AC481E80094BB05 /* menubtn.png */ = {isa = PBXFileReference; lastKnownFileType = image.png; name = menubtn.png; path = ../menubtn.png; sourceTree = "<group>"; };
		5E0E0CD41ADEE86C008D9467 /* ImageLabelView.swift */ = {isa = PBXFileReference; fileEncoding = 4; lastKnownFileType = sourcecode.swift; path = ImageLabelView.swift; sourceTree = "<group>"; };
		5E1DCC9E1AD44C71002D41FD /* tiger.jpg */ = {isa = PBXFileReference; lastKnownFileType = image.jpeg; path = tiger.jpg; sourceTree = "<group>"; };
		5E1DCCA01AD47C53002D41FD /* btn-check.png */ = {isa = PBXFileReference; lastKnownFileType = image.png; path = "btn-check.png"; sourceTree = "<group>"; };
		5E1DCCA11AD47C53002D41FD /* btn-x.png */ = {isa = PBXFileReference; lastKnownFileType = image.png; path = "btn-x.png"; sourceTree = "<group>"; };
		5E1DCCA41AD486D2002D41FD /* AddItem.swift */ = {isa = PBXFileReference; fileEncoding = 4; lastKnownFileType = sourcecode.swift; path = AddItem.swift; sourceTree = "<group>"; };
		5E1FEE6C1AD8431B00C08131 /* CoreGraphics.framework */ = {isa = PBXFileReference; lastKnownFileType = wrapper.framework; name = CoreGraphics.framework; path = System/Library/Frameworks/CoreGraphics.framework; sourceTree = SDKROOT; };
		5E1FEE6E1AD8432100C08131 /* UIKit.framework */ = {isa = PBXFileReference; lastKnownFileType = wrapper.framework; name = UIKit.framework; path = System/Library/Frameworks/UIKit.framework; sourceTree = SDKROOT; };
		5E1FEE7B1AD8641900C08131 /* MDCSwipeToChooseView.m */ = {isa = PBXFileReference; fileEncoding = 4; lastKnownFileType = sourcecode.c.objc; path = MDCSwipeToChooseView.m; sourceTree = "<group>"; };
		5E5CB0A81AB7547800F32BE6 /* Bridging-Header.h */ = {isa = PBXFileReference; lastKnownFileType = sourcecode.c.h; path = "Bridging-Header.h"; sourceTree = "<group>"; };
		5E6760871AD8138600EC899F /* Photos.framework */ = {isa = PBXFileReference; lastKnownFileType = wrapper.framework; name = Photos.framework; path = System/Library/Frameworks/Photos.framework; sourceTree = SDKROOT; };
		5E8055411AE541460035521C /* ItemDetails.swift */ = {isa = PBXFileReference; fileEncoding = 4; lastKnownFileType = sourcecode.swift; path = ItemDetails.swift; sourceTree = "<group>"; };
		5E8055471AEA78790035521C /* Bakkle WatchKit Extension.appex */ = {isa = PBXFileReference; explicitFileType = "wrapper.app-extension"; includeInIndex = 0; path = "Bakkle WatchKit Extension.appex"; sourceTree = BUILT_PRODUCTS_DIR; };
		5E8055561AEA78790035521C /* Bakkle WatchKit App.app */ = {isa = PBXFileReference; explicitFileType = wrapper.application; includeInIndex = 0; path = "Bakkle WatchKit App.app"; sourceTree = BUILT_PRODUCTS_DIR; };
		5EBDD68B1AB211E600C7FBE7 /* Bakkle.app */ = {isa = PBXFileReference; explicitFileType = wrapper.application; includeInIndex = 0; path = Bakkle.app; sourceTree = BUILT_PRODUCTS_DIR; };
		5EBDD68F1AB211E600C7FBE7 /* Info.plist */ = {isa = PBXFileReference; lastKnownFileType = text.plist.xml; path = Info.plist; sourceTree = "<group>"; };
		5EBDD6901AB211E600C7FBE7 /* AppDelegate.swift */ = {isa = PBXFileReference; lastKnownFileType = sourcecode.swift; path = AppDelegate.swift; sourceTree = "<group>"; };
		5EBDD6921AB211E600C7FBE7 /* ViewController.swift */ = {isa = PBXFileReference; lastKnownFileType = sourcecode.swift; path = ViewController.swift; sourceTree = "<group>"; };
		5EBDD6951AB211E600C7FBE7 /* Base */ = {isa = PBXFileReference; lastKnownFileType = file.storyboard; name = Base; path = Base.lproj/Main.storyboard; sourceTree = "<group>"; };
		5EBDD6971AB211E600C7FBE7 /* Images.xcassets */ = {isa = PBXFileReference; lastKnownFileType = folder.assetcatalog; path = Images.xcassets; sourceTree = "<group>"; };
		5EBDD69A1AB211E600C7FBE7 /* Base */ = {isa = PBXFileReference; lastKnownFileType = file.xib; name = Base; path = Base.lproj/LaunchScreen.xib; sourceTree = "<group>"; };
		5EBDD6A01AB211E600C7FBE7 /* BakkleTests.xctest */ = {isa = PBXFileReference; explicitFileType = wrapper.cfbundle; includeInIndex = 0; path = BakkleTests.xctest; sourceTree = BUILT_PRODUCTS_DIR; };
		5EBDD6A51AB211E600C7FBE7 /* Info.plist */ = {isa = PBXFileReference; lastKnownFileType = text.plist.xml; path = Info.plist; sourceTree = "<group>"; };
		5EBDD6A61AB211E600C7FBE7 /* BakkleTests.swift */ = {isa = PBXFileReference; lastKnownFileType = sourcecode.swift; path = BakkleTests.swift; sourceTree = "<group>"; };
		5EBDD6B01AB2139700C7FBE7 /* bakkleLogo.png */ = {isa = PBXFileReference; lastKnownFileType = image.png; path = bakkleLogo.png; sourceTree = "<group>"; };
		5EE2C9881AB9B6270031D8CD /* FacebookSDK.framework */ = {isa = PBXFileReference; lastKnownFileType = wrapper.framework; path = FacebookSDK.framework; sourceTree = "<group>"; };
		5EE2C98A1AB9D1730031D8CD /* FeedScreen.swift */ = {isa = PBXFileReference; fileEncoding = 4; lastKnownFileType = sourcecode.swift; name = FeedScreen.swift; path = ../FeedScreen.swift; sourceTree = "<group>"; };
		5EE2C98C1AB9E3B40031D8CD /* Foundation.framework */ = {isa = PBXFileReference; lastKnownFileType = wrapper.framework; name = Foundation.framework; path = System/Library/Frameworks/Foundation.framework; sourceTree = SDKROOT; };
		5EE2C99A1AB9F0FA0031D8CD /* MDCSwipeToChoose.h */ = {isa = PBXFileReference; fileEncoding = 4; lastKnownFileType = sourcecode.c.h; path = MDCSwipeToChoose.h; sourceTree = "<group>"; };
		5EE2C99B1AB9F0FA0031D8CD /* MDCSwipeToChooseDelegate.h */ = {isa = PBXFileReference; fileEncoding = 4; lastKnownFileType = sourcecode.c.h; path = MDCSwipeToChooseDelegate.h; sourceTree = "<group>"; };
		5EE2C99C1AB9F0FA0031D8CD /* UIView+MDCSwipeToChoose.h */ = {isa = PBXFileReference; fileEncoding = 4; lastKnownFileType = sourcecode.c.h; path = "UIView+MDCSwipeToChoose.h"; sourceTree = "<group>"; };
		5EE2C99D1AB9F0FA0031D8CD /* UIView+MDCSwipeToChoose.m */ = {isa = PBXFileReference; fileEncoding = 4; lastKnownFileType = sourcecode.c.objc; path = "UIView+MDCSwipeToChoose.m"; sourceTree = "<group>"; };
		5EE2C99E1AB9F0FA0031D8CD /* MDCSwipeToChooseView.h */ = {isa = PBXFileReference; fileEncoding = 4; lastKnownFileType = sourcecode.c.h; path = MDCSwipeToChooseView.h; sourceTree = "<group>"; };
		5EE2C9A01AB9F0FA0031D8CD /* MDCSwipeOptions.h */ = {isa = PBXFileReference; fileEncoding = 4; lastKnownFileType = sourcecode.c.h; path = MDCSwipeOptions.h; sourceTree = "<group>"; };
		5EE2C9A11AB9F0FA0031D8CD /* MDCSwipeOptions.m */ = {isa = PBXFileReference; fileEncoding = 4; lastKnownFileType = sourcecode.c.objc; path = MDCSwipeOptions.m; sourceTree = "<group>"; };
		5EE2C9A21AB9F0FA0031D8CD /* MDCSwipeToChooseViewOptions.h */ = {isa = PBXFileReference; fileEncoding = 4; lastKnownFileType = sourcecode.c.h; path = MDCSwipeToChooseViewOptions.h; sourceTree = "<group>"; };
		5EE2C9A31AB9F0FA0031D8CD /* MDCSwipeToChooseViewOptions.m */ = {isa = PBXFileReference; fileEncoding = 4; lastKnownFileType = sourcecode.c.objc; path = MDCSwipeToChooseViewOptions.m; sourceTree = "<group>"; };
		5EE2C9A41AB9F0FA0031D8CD /* MDCSwipeDirection.h */ = {isa = PBXFileReference; fileEncoding = 4; lastKnownFileType = sourcecode.c.h; path = MDCSwipeDirection.h; sourceTree = "<group>"; };
		5EE2C9A51AB9F0FA0031D8CD /* MDCSwipeResult.h */ = {isa = PBXFileReference; fileEncoding = 4; lastKnownFileType = sourcecode.c.h; path = MDCSwipeResult.h; sourceTree = "<group>"; };
		5EE2C9A61AB9F0FA0031D8CD /* MDCSwipeResult.m */ = {isa = PBXFileReference; fileEncoding = 4; lastKnownFileType = sourcecode.c.objc; path = MDCSwipeResult.m; sourceTree = "<group>"; };
		5EE2C9A71AB9F0FA0031D8CD /* MDCPanState.h */ = {isa = PBXFileReference; fileEncoding = 4; lastKnownFileType = sourcecode.c.h; path = MDCPanState.h; sourceTree = "<group>"; };
		5EE2C9A81AB9F0FA0031D8CD /* MDCPanState.m */ = {isa = PBXFileReference; fileEncoding = 4; lastKnownFileType = sourcecode.c.objc; path = MDCPanState.m; sourceTree = "<group>"; };
		5EE2C9A91AB9F0FB0031D8CD /* MDCGeometry.h */ = {isa = PBXFileReference; fileEncoding = 4; lastKnownFileType = sourcecode.c.h; path = MDCGeometry.h; sourceTree = "<group>"; };
		5EE2C9AA1AB9F0FB0031D8CD /* MDCGeometry.m */ = {isa = PBXFileReference; fileEncoding = 4; lastKnownFileType = sourcecode.c.objc; path = MDCGeometry.m; sourceTree = "<group>"; };
		5EE2C9AB1AB9F0FB0031D8CD /* UIColor+MDCRGB8Bit.h */ = {isa = PBXFileReference; fileEncoding = 4; lastKnownFileType = sourcecode.c.h; path = "UIColor+MDCRGB8Bit.h"; sourceTree = "<group>"; };
		5EE2C9AC1AB9F0FB0031D8CD /* UIColor+MDCRGB8Bit.m */ = {isa = PBXFileReference; fileEncoding = 4; lastKnownFileType = sourcecode.c.objc; path = "UIColor+MDCRGB8Bit.m"; sourceTree = "<group>"; };
		5EE2C9AD1AB9F0FB0031D8CD /* UIView+MDCBorderedLabel.h */ = {isa = PBXFileReference; fileEncoding = 4; lastKnownFileType = sourcecode.c.h; path = "UIView+MDCBorderedLabel.h"; sourceTree = "<group>"; };
		5EE2C9AE1AB9F0FB0031D8CD /* UIView+MDCBorderedLabel.m */ = {isa = PBXFileReference; fileEncoding = 4; lastKnownFileType = sourcecode.c.objc; path = "UIView+MDCBorderedLabel.m"; sourceTree = "<group>"; };
		5EE2C9AF1AB9F0FB0031D8CD /* MDCViewState.h */ = {isa = PBXFileReference; fileEncoding = 4; lastKnownFileType = sourcecode.c.h; path = MDCViewState.h; sourceTree = "<group>"; };
		5EE2C9B01AB9F0FB0031D8CD /* MDCViewState.m */ = {isa = PBXFileReference; fileEncoding = 4; lastKnownFileType = sourcecode.c.objc; path = MDCViewState.m; sourceTree = "<group>"; };
		5EE2C9B11AB9F0FB0031D8CD /* MDCSwipeToChoose-Prefix.pch */ = {isa = PBXFileReference; fileEncoding = 4; lastKnownFileType = sourcecode.c.h; name = "MDCSwipeToChoose-Prefix.pch"; path = "../MDCSwipeToChoose-Prefix.pch"; sourceTree = "<group>"; };
		A003EB121AD4CCA600EE51A1 /* SWRevealViewController.h */ = {isa = PBXFileReference; fileEncoding = 4; lastKnownFileType = sourcecode.c.h; path = SWRevealViewController.h; sourceTree = "<group>"; };
		A003EB131AD4CCA600EE51A1 /* SWRevealViewController.m */ = {isa = PBXFileReference; fileEncoding = 4; lastKnownFileType = sourcecode.c.objc; path = SWRevealViewController.m; sourceTree = "<group>"; };
		A003EB151AD4D71C00EE51A1 /* mock-menu.png */ = {isa = PBXFileReference; lastKnownFileType = image.png; path = "mock-menu.png"; sourceTree = "<group>"; };
		A003EB191AD4DB8800EE51A1 /* item-lawnmower.png */ = {isa = PBXFileReference; lastKnownFileType = image.png; path = "item-lawnmower.png"; sourceTree = "<group>"; };
		A018DF861ADE07E700AF5550 /* btn-add.png */ = {isa = PBXFileReference; lastKnownFileType = image.png; path = "btn-add.png"; sourceTree = "<group>"; };
		A018DF871ADE07E700AF5550 /* btn-cancel.png */ = {isa = PBXFileReference; lastKnownFileType = image.png; path = "btn-cancel.png"; sourceTree = "<group>"; };
		A018DF8A1ADE08DB00AF5550 /* btn-add-disabled.png */ = {isa = PBXFileReference; lastKnownFileType = image.png; path = "btn-add-disabled.png"; sourceTree = "<group>"; };
		A018DF8C1ADE09A500AF5550 /* mock-additem.png */ = {isa = PBXFileReference; lastKnownFileType = image.png; path = "mock-additem.png"; sourceTree = "<group>"; };
		A03508F21AB3C34900CA6455 /* SplashScreen-bkg.png */ = {isa = PBXFileReference; lastKnownFileType = image.png; name = "SplashScreen-bkg.png"; path = "../../../graphics/SplashScreen-bkg.png"; sourceTree = "<group>"; };
		A03508F61AB3C5FB00CA6455 /* logo-green-design-png-white.png */ = {isa = PBXFileReference; lastKnownFileType = image.png; path = "logo-green-design-png-white.png"; sourceTree = "<group>"; };
		A03508F81AB3C6AE00CA6455 /* logo-white-design-png.png */ = {isa = PBXFileReference; lastKnownFileType = image.png; path = "logo-white-design-png.png"; sourceTree = "<group>"; };
		A04AAE3F1ACA2E6600BA7CBD /* FacebookSDK */ = {isa = PBXFileReference; lastKnownFileType = archive.ar; name = FacebookSDK; path = FacebookSDK.framework/Versions/A/FacebookSDK; sourceTree = "<group>"; };
		A06AA9ED1AD609530075D7F7 /* Bakkle.swift */ = {isa = PBXFileReference; fileEncoding = 4; lastKnownFileType = sourcecode.swift; path = Bakkle.swift; sourceTree = "<group>"; };
		A0A200001ACE2F7500A42CD8 /* btn-sign-in40.png */ = {isa = PBXFileReference; lastKnownFileType = image.png; path = "btn-sign-in40.png"; sourceTree = "<group>"; };
		A0A200041ACE30C200A42CD8 /* btn-logout40.png */ = {isa = PBXFileReference; lastKnownFileType = image.png; path = "btn-logout40.png"; sourceTree = "<group>"; };
		A0A2FFF21ACE213F00A42CD8 /* logo-white-design-png-100.png */ = {isa = PBXFileReference; lastKnownFileType = image.png; path = "logo-white-design-png-100.png"; sourceTree = "<group>"; };
		A0A2FFF41ACE232F00A42CD8 /* LoginScreen-bkg.png */ = {isa = PBXFileReference; lastKnownFileType = image.png; name = "LoginScreen-bkg.png"; path = "../../../graphics/LoginScreen-bkg.png"; sourceTree = "<group>"; };
		A0A2FFF61ACE276200A42CD8 /* FBSDKCoreKit.framework */ = {isa = PBXFileReference; lastKnownFileType = wrapper.framework; path = FBSDKCoreKit.framework; sourceTree = "<group>"; };
		A0A2FFFE1ACE2F7500A42CD8 /* btn-email40.png */ = {isa = PBXFileReference; lastKnownFileType = image.png; path = "btn-email40.png"; sourceTree = "<group>"; };
		A0A2FFFF1ACE2F7500A42CD8 /* btn-facebook40.png */ = {isa = PBXFileReference; lastKnownFileType = image.png; path = "btn-facebook40.png"; sourceTree = "<group>"; };
		A0A5F71C1AEDAE54001A7D7A /* Settings.bundle */ = {isa = PBXFileReference; lastKnownFileType = "wrapper.plug-in"; path = Settings.bundle; sourceTree = "<group>"; };
		A0D96F731AD765990046DA13 /* icon-gear.png */ = {isa = PBXFileReference; lastKnownFileType = image.png; path = "icon-gear.png"; sourceTree = "<group>"; };
		A0D96F741AD765990046DA13 /* icon-filter.png */ = {isa = PBXFileReference; lastKnownFileType = image.png; path = "icon-filter.png"; sourceTree = "<group>"; };
		A0D96F751AD765990046DA13 /* icon-down.png */ = {isa = PBXFileReference; lastKnownFileType = image.png; path = "icon-down.png"; sourceTree = "<group>"; };
		A0D96F761AD765990046DA13 /* icon-cart.png */ = {isa = PBXFileReference; lastKnownFileType = image.png; path = "icon-cart.png"; sourceTree = "<group>"; };
		A0D96F771AD765990046DA13 /* icon-pencil.png */ = {isa = PBXFileReference; lastKnownFileType = image.png; path = "icon-pencil.png"; sourceTree = "<group>"; };
		A0D96F781AD765990046DA13 /* icon-house.png */ = {isa = PBXFileReference; lastKnownFileType = image.png; path = "icon-house.png"; sourceTree = "<group>"; };
		A0D96F7F1AD767BD0046DA13 /* MenuTableView.swift */ = {isa = PBXFileReference; fileEncoding = 4; lastKnownFileType = sourcecode.swift; path = MenuTableView.swift; sourceTree = "<group>"; };
		A0D96F811AD76D8E0046DA13 /* BuyersTrunkView.swift */ = {isa = PBXFileReference; fileEncoding = 4; lastKnownFileType = sourcecode.swift; path = BuyersTrunkView.swift; sourceTree = "<group>"; };
		A0D96F831AD76F1F0046DA13 /* SettingsView.swift */ = {isa = PBXFileReference; fileEncoding = 4; lastKnownFileType = sourcecode.swift; path = SettingsView.swift; sourceTree = "<group>"; };
		A0D96F851AD771900046DA13 /* SellersGarage.swift */ = {isa = PBXFileReference; fileEncoding = 4; lastKnownFileType = sourcecode.swift; path = SellersGarage.swift; sourceTree = "<group>"; };
		A0D96F871AD772DA0046DA13 /* HoldingPattern.swift */ = {isa = PBXFileReference; fileEncoding = 4; lastKnownFileType = sourcecode.swift; path = HoldingPattern.swift; sourceTree = "<group>"; };
		A0D96F891AD773DB0046DA13 /* FeedFilter.swift */ = {isa = PBXFileReference; fileEncoding = 4; lastKnownFileType = sourcecode.swift; path = FeedFilter.swift; sourceTree = "<group>"; };
		A0D96F8F1AD7751E0046DA13 /* mock-settings.png */ = {isa = PBXFileReference; lastKnownFileType = image.png; path = "mock-settings.png"; sourceTree = "<group>"; };
/* End PBXFileReference section */

/* Begin PBXFrameworksBuildPhase section */
		5E8055441AEA78790035521C /* Frameworks */ = {
			isa = PBXFrameworksBuildPhase;
			buildActionMask = 2147483647;
			files = (
			);
			runOnlyForDeploymentPostprocessing = 0;
		};
		5EBDD6881AB211E600C7FBE7 /* Frameworks */ = {
			isa = PBXFrameworksBuildPhase;
			buildActionMask = 2147483647;
			files = (
				5E1FEE6F1AD8432100C08131 /* UIKit.framework in Frameworks */,
				5E1FEE6D1AD8431B00C08131 /* CoreGraphics.framework in Frameworks */,
				5E6760881AD8138600EC899F /* Photos.framework in Frameworks */,
				A04AAE401ACA2E6600BA7CBD /* FacebookSDK in Frameworks */,
				A0A2FFF71ACE276200A42CD8 /* FBSDKCoreKit.framework in Frameworks */,
				5EE2C98D1AB9E3B40031D8CD /* Foundation.framework in Frameworks */,
			);
			runOnlyForDeploymentPostprocessing = 0;
		};
		5EBDD69D1AB211E600C7FBE7 /* Frameworks */ = {
			isa = PBXFrameworksBuildPhase;
			buildActionMask = 2147483647;
			files = (
			);
			runOnlyForDeploymentPostprocessing = 0;
		};
/* End PBXFrameworksBuildPhase section */

/* Begin PBXGroup section */
		5EBDD6821AB211E600C7FBE7 = {
			isa = PBXGroup;
			children = (
				A003EB111ACF3BBC00EE51A1 /* SWRevealViewController */,
				5EE2C9BC1AB9F1080031D8CD /* MDCSwipe Library */,
				5EE2C98E1AB9E3BB0031D8CD /* Frameworks */,
				5EBDD68D1AB211E600C7FBE7 /* Bakkle */,
				5EBDD6A31AB211E600C7FBE7 /* BakkleTests */,
				5EBDD68C1AB211E600C7FBE7 /* Products */,
			);
			sourceTree = "<group>";
		};
		5EBDD68C1AB211E600C7FBE7 /* Products */ = {
			isa = PBXGroup;
			children = (
				5EBDD68B1AB211E600C7FBE7 /* Bakkle.app */,
				5EBDD6A01AB211E600C7FBE7 /* BakkleTests.xctest */,
				5E8055471AEA78790035521C /* Bakkle WatchKit Extension.appex */,
				5E8055561AEA78790035521C /* Bakkle WatchKit App.app */,
			);
			name = Products;
			sourceTree = "<group>";
		};
		5EBDD68D1AB211E600C7FBE7 /* Bakkle */ = {
			isa = PBXGroup;
			children = (
				A06AA9ED1AD609530075D7F7 /* Bakkle.swift */,
				A0D96F7F1AD767BD0046DA13 /* MenuTableView.swift */,
				5EE2C98A1AB9D1730031D8CD /* FeedScreen.swift */,
				A0D96F851AD771900046DA13 /* SellersGarage.swift */,
				A0D96F811AD76D8E0046DA13 /* BuyersTrunkView.swift */,
				5E0E0CD41ADEE86C008D9467 /* ImageLabelView.swift */,
				A0D96F871AD772DA0046DA13 /* HoldingPattern.swift */,
				A0D96F891AD773DB0046DA13 /* FeedFilter.swift */,
				A0D96F831AD76F1F0046DA13 /* SettingsView.swift */,
				5E5CB0A81AB7547800F32BE6 /* Bridging-Header.h */,
				5EBDD6901AB211E600C7FBE7 /* AppDelegate.swift */,
				5EBDD6921AB211E600C7FBE7 /* ViewController.swift */,
				5E1DCCA41AD486D2002D41FD /* AddItem.swift */,
				5E8055411AE541460035521C /* ItemDetails.swift */,
				5EBDD6941AB211E600C7FBE7 /* Main.storyboard */,
				5EBDD6971AB211E600C7FBE7 /* Images.xcassets */,
				5EBDD6991AB211E600C7FBE7 /* LaunchScreen.xib */,
				5EBDD68E1AB211E600C7FBE7 /* Supporting Files */,
				A0A5F71C1AEDAE54001A7D7A /* Settings.bundle */,
			);
			path = Bakkle;
			sourceTree = "<group>";
		};
		5EBDD68E1AB211E600C7FBE7 /* Supporting Files */ = {
			isa = PBXGroup;
			children = (
				A0D96F8C1AD774A30046DA13 /* buttons */,
				A0D96F8B1AD774980046DA13 /* mocks */,
				A0D96F721AD765880046DA13 /* menuicons */,
				5E023F871AD59F200002AFBC /* logo-white-design-png-transp-100.png */,
				A003EB191AD4DB8800EE51A1 /* item-lawnmower.png */,
				5E1DCC9E1AD44C71002D41FD /* tiger.jpg */,
				A0A2FFF41ACE232F00A42CD8 /* LoginScreen-bkg.png */,
				A0A2FFF21ACE213F00A42CD8 /* logo-white-design-png-100.png */,
				5EE2C9B11AB9F0FB0031D8CD /* MDCSwipeToChoose-Prefix.pch */,
				A03508F81AB3C6AE00CA6455 /* logo-white-design-png.png */,
				A03508F61AB3C5FB00CA6455 /* logo-green-design-png-white.png */,
				A03508F21AB3C34900CA6455 /* SplashScreen-bkg.png */,
				5EBDD6B01AB2139700C7FBE7 /* bakkleLogo.png */,
				5EBDD68F1AB211E600C7FBE7 /* Info.plist */,
			);
			name = "Supporting Files";
			sourceTree = "<group>";
		};
		5EBDD6A31AB211E600C7FBE7 /* BakkleTests */ = {
			isa = PBXGroup;
			children = (
				5EBDD6A61AB211E600C7FBE7 /* BakkleTests.swift */,
				5EBDD6A41AB211E600C7FBE7 /* Supporting Files */,
			);
			path = BakkleTests;
			sourceTree = "<group>";
		};
		5EBDD6A41AB211E600C7FBE7 /* Supporting Files */ = {
			isa = PBXGroup;
			children = (
				5EBDD6A51AB211E600C7FBE7 /* Info.plist */,
			);
			name = "Supporting Files";
			sourceTree = "<group>";
		};
		5EE2C98E1AB9E3BB0031D8CD /* Frameworks */ = {
			isa = PBXGroup;
			children = (
				5E1FEE6E1AD8432100C08131 /* UIKit.framework */,
				5E1FEE6C1AD8431B00C08131 /* CoreGraphics.framework */,
				5E6760871AD8138600EC899F /* Photos.framework */,
				A0A2FFF61ACE276200A42CD8 /* FBSDKCoreKit.framework */,
				A04AAE3F1ACA2E6600BA7CBD /* FacebookSDK */,
				5EE2C98C1AB9E3B40031D8CD /* Foundation.framework */,
				5EE2C9881AB9B6270031D8CD /* FacebookSDK.framework */,
			);
			name = Frameworks;
			sourceTree = "<group>";
		};
		5EE2C9BC1AB9F1080031D8CD /* MDCSwipe Library */ = {
			isa = PBXGroup;
			children = (
				5EE2C99A1AB9F0FA0031D8CD /* MDCSwipeToChoose.h */,
				5EE2C99B1AB9F0FA0031D8CD /* MDCSwipeToChooseDelegate.h */,
				5EE2C99C1AB9F0FA0031D8CD /* UIView+MDCSwipeToChoose.h */,
				5EE2C99D1AB9F0FA0031D8CD /* UIView+MDCSwipeToChoose.m */,
				5EE2C99E1AB9F0FA0031D8CD /* MDCSwipeToChooseView.h */,
				5E1FEE7B1AD8641900C08131 /* MDCSwipeToChooseView.m */,
				5EE2C9A01AB9F0FA0031D8CD /* MDCSwipeOptions.h */,
				5EE2C9A11AB9F0FA0031D8CD /* MDCSwipeOptions.m */,
				5EE2C9A21AB9F0FA0031D8CD /* MDCSwipeToChooseViewOptions.h */,
				5EE2C9A31AB9F0FA0031D8CD /* MDCSwipeToChooseViewOptions.m */,
				5EE2C9A41AB9F0FA0031D8CD /* MDCSwipeDirection.h */,
				5EE2C9A51AB9F0FA0031D8CD /* MDCSwipeResult.h */,
				5EE2C9A61AB9F0FA0031D8CD /* MDCSwipeResult.m */,
				5EE2C9A71AB9F0FA0031D8CD /* MDCPanState.h */,
				5EE2C9A81AB9F0FA0031D8CD /* MDCPanState.m */,
				5EE2C9A91AB9F0FB0031D8CD /* MDCGeometry.h */,
				5EE2C9AA1AB9F0FB0031D8CD /* MDCGeometry.m */,
				5EE2C9AB1AB9F0FB0031D8CD /* UIColor+MDCRGB8Bit.h */,
				5EE2C9AC1AB9F0FB0031D8CD /* UIColor+MDCRGB8Bit.m */,
				5EE2C9AD1AB9F0FB0031D8CD /* UIView+MDCBorderedLabel.h */,
				5EE2C9AE1AB9F0FB0031D8CD /* UIView+MDCBorderedLabel.m */,
				5EE2C9AF1AB9F0FB0031D8CD /* MDCViewState.h */,
				5EE2C9B01AB9F0FB0031D8CD /* MDCViewState.m */,
			);
			name = "MDCSwipe Library";
			sourceTree = "<group>";
		};
		A003EB111ACF3BBC00EE51A1 /* SWRevealViewController */ = {
			isa = PBXGroup;
			children = (
				A003EB121AD4CCA600EE51A1 /* SWRevealViewController.h */,
				A003EB131AD4CCA600EE51A1 /* SWRevealViewController.m */,
			);
			name = SWRevealViewController;
			sourceTree = "<group>";
		};
		A0D96F721AD765880046DA13 /* menuicons */ = {
			isa = PBXGroup;
			children = (
				A0D96F731AD765990046DA13 /* icon-gear.png */,
				A0D96F741AD765990046DA13 /* icon-filter.png */,
				A0D96F751AD765990046DA13 /* icon-down.png */,
				A0D96F761AD765990046DA13 /* icon-cart.png */,
				A0D96F771AD765990046DA13 /* icon-pencil.png */,
				A0D96F781AD765990046DA13 /* icon-house.png */,
			);
			name = menuicons;
			sourceTree = "<group>";
		};
		A0D96F8B1AD774980046DA13 /* mocks */ = {
			isa = PBXGroup;
			children = (
				A018DF8C1ADE09A500AF5550 /* mock-additem.png */,
				A0D96F8F1AD7751E0046DA13 /* mock-settings.png */,
				A003EB151AD4D71C00EE51A1 /* mock-menu.png */,
				5E0242901AC47FFB0094BB05 /* Screen Shot 2015-03-26 at 1.56.29 PM 1.png */,
			);
			name = mocks;
			sourceTree = "<group>";
		};
		A0D96F8C1AD774A30046DA13 /* buttons */ = {
			isa = PBXGroup;
			children = (
				A018DF8A1ADE08DB00AF5550 /* btn-add-disabled.png */,
				A018DF861ADE07E700AF5550 /* btn-add.png */,
				A018DF871ADE07E700AF5550 /* btn-cancel.png */,
				5E023F851AD592B80002AFBC /* addItem.png */,
				5E1DCCA01AD47C53002D41FD /* btn-check.png */,
				5E1DCCA11AD47C53002D41FD /* btn-x.png */,
				A0A200041ACE30C200A42CD8 /* btn-logout40.png */,
				A0A2FFFE1ACE2F7500A42CD8 /* btn-email40.png */,
				A0A2FFFF1ACE2F7500A42CD8 /* btn-facebook40.png */,
				A0A200001ACE2F7500A42CD8 /* btn-sign-in40.png */,
				5E0242921AC481E80094BB05 /* menubtn.png */,
			);
			name = buttons;
			sourceTree = "<group>";
		};
/* End PBXGroup section */

/* Begin PBXNativeTarget section */
		5E8055461AEA78790035521C /* Bakkle WatchKit Extension */ = {
			isa = PBXNativeTarget;
			buildConfigurationList = 5E80556A1AEA78790035521C /* Build configuration list for PBXNativeTarget "Bakkle WatchKit Extension" */;
			buildPhases = (
				5E8055431AEA78790035521C /* Sources */,
				5E8055441AEA78790035521C /* Frameworks */,
				5E8055451AEA78790035521C /* Resources */,
			);
			buildRules = (
			);
			dependencies = (
				5E8055591AEA78790035521C /* PBXTargetDependency */,
			);
			name = "Bakkle WatchKit Extension";
			productName = "Bakkle WatchKit Extension";
			productReference = 5E8055471AEA78790035521C /* Bakkle WatchKit Extension.appex */;
			productType = "com.apple.product-type.watchkit-extension";
		};
		5E8055551AEA78790035521C /* Bakkle WatchKit App */ = {
			isa = PBXNativeTarget;
			buildConfigurationList = 5E8055691AEA78790035521C /* Build configuration list for PBXNativeTarget "Bakkle WatchKit App" */;
			buildPhases = (
				5E8055541AEA78790035521C /* Resources */,
			);
			buildRules = (
			);
			dependencies = (
			);
			name = "Bakkle WatchKit App";
			productName = "Bakkle WatchKit App";
			productReference = 5E8055561AEA78790035521C /* Bakkle WatchKit App.app */;
			productType = "com.apple.product-type.application.watchapp";
		};
		5EBDD68A1AB211E600C7FBE7 /* Bakkle */ = {
			isa = PBXNativeTarget;
			buildConfigurationList = 5EBDD6AA1AB211E600C7FBE7 /* Build configuration list for PBXNativeTarget "Bakkle" */;
			buildPhases = (
				5EBDD6871AB211E600C7FBE7 /* Sources */,
				5EBDD6881AB211E600C7FBE7 /* Frameworks */,
				5EBDD6891AB211E600C7FBE7 /* Resources */,
			);
			buildRules = (
			);
			dependencies = (
			);
			name = Bakkle;
			productName = Bakkle;
			productReference = 5EBDD68B1AB211E600C7FBE7 /* Bakkle.app */;
			productType = "com.apple.product-type.application";
		};
		5EBDD69F1AB211E600C7FBE7 /* BakkleTests */ = {
			isa = PBXNativeTarget;
			buildConfigurationList = 5EBDD6AD1AB211E600C7FBE7 /* Build configuration list for PBXNativeTarget "BakkleTests" */;
			buildPhases = (
				5EBDD69C1AB211E600C7FBE7 /* Sources */,
				5EBDD69D1AB211E600C7FBE7 /* Frameworks */,
				5EBDD69E1AB211E600C7FBE7 /* Resources */,
			);
			buildRules = (
			);
			dependencies = (
				5EBDD6A21AB211E600C7FBE7 /* PBXTargetDependency */,
			);
			name = BakkleTests;
			productName = BakkleTests;
			productReference = 5EBDD6A01AB211E600C7FBE7 /* BakkleTests.xctest */;
			productType = "com.apple.product-type.bundle.unit-test";
		};
/* End PBXNativeTarget section */

/* Begin PBXProject section */
		5EBDD6831AB211E600C7FBE7 /* Project object */ = {
			isa = PBXProject;
			attributes = {
				LastUpgradeCheck = 0610;
				ORGANIZATIONNAME = "Ishank Tandon";
				TargetAttributes = {
					5E8055461AEA78790035521C = {
						CreatedOnToolsVersion = 6.3;
						DevelopmentTeam = GKAKES7JLX;
					};
					5E8055551AEA78790035521C = {
						CreatedOnToolsVersion = 6.3;
						DevelopmentTeam = GKAKES7JLX;
					};
					5EBDD68A1AB211E600C7FBE7 = {
						CreatedOnToolsVersion = 6.1.1;
						DevelopmentTeam = GKAKES7JLX;
					};
					5EBDD69F1AB211E600C7FBE7 = {
						CreatedOnToolsVersion = 6.1.1;
						TestTargetID = 5EBDD68A1AB211E600C7FBE7;
					};
				};
			};
			buildConfigurationList = 5EBDD6861AB211E600C7FBE7 /* Build configuration list for PBXProject "Bakkle" */;
			compatibilityVersion = "Xcode 3.2";
			developmentRegion = English;
			hasScannedForEncodings = 0;
			knownRegions = (
				en,
				Base,
			);
			mainGroup = 5EBDD6821AB211E600C7FBE7;
			productRefGroup = 5EBDD68C1AB211E600C7FBE7 /* Products */;
			projectDirPath = "";
			projectRoot = "";
			targets = (
				5EBDD68A1AB211E600C7FBE7 /* Bakkle */,
				5EBDD69F1AB211E600C7FBE7 /* BakkleTests */,
				5E8055461AEA78790035521C /* Bakkle WatchKit Extension */,
				5E8055551AEA78790035521C /* Bakkle WatchKit App */,
			);
		};
/* End PBXProject section */

/* Begin PBXResourcesBuildPhase section */
		5E8055451AEA78790035521C /* Resources */ = {
			isa = PBXResourcesBuildPhase;
			buildActionMask = 2147483647;
			files = (
				5E8055571AEA78790035521C /* Bakkle WatchKit App.app in Resources */,
			);
			runOnlyForDeploymentPostprocessing = 0;
		};
		5E8055541AEA78790035521C /* Resources */ = {
			isa = PBXResourcesBuildPhase;
			buildActionMask = 2147483647;
			files = (
			);
			runOnlyForDeploymentPostprocessing = 0;
		};
		5EBDD6891AB211E600C7FBE7 /* Resources */ = {
			isa = PBXResourcesBuildPhase;
			buildActionMask = 2147483647;
			files = (
				A0A5F71D1AEDAE54001A7D7A /* Settings.bundle in Resources */,
				A03508F91AB3C6AE00CA6455 /* logo-white-design-png.png in Resources */,
				A0A2FFF51ACE232F00A42CD8 /* LoginScreen-bkg.png in Resources */,
				A03508F71AB3C5FB00CA6455 /* logo-green-design-png-white.png in Resources */,
				5E1DCC9F1AD44C72002D41FD /* tiger.jpg in Resources */,
				A0A200011ACE2F7500A42CD8 /* btn-email40.png in Resources */,
				5E1DCCA21AD47C53002D41FD /* btn-check.png in Resources */,
				A018DF8B1ADE08DB00AF5550 /* btn-add-disabled.png in Resources */,
				A018DF891ADE07E700AF5550 /* btn-cancel.png in Resources */,
				5E023F881AD59F200002AFBC /* logo-white-design-png-transp-100.png in Resources */,
				A0A2FFF31ACE213F00A42CD8 /* logo-white-design-png-100.png in Resources */,
				A0A709CE1ACAC9D700E772B9 /* Main.storyboard in Resources */,
				5EBDD6B11AB2139700C7FBE7 /* bakkleLogo.png in Resources */,
				A018DF881ADE07E700AF5550 /* btn-add.png in Resources */,
				5E023F861AD592B80002AFBC /* addItem.png in Resources */,
				5EBDD6981AB211E600C7FBE7 /* Images.xcassets in Resources */,
				A0D96F7C1AD765990046DA13 /* icon-cart.png in Resources */,
				A0D96F791AD765990046DA13 /* icon-gear.png in Resources */,
				A0A200021ACE2F7500A42CD8 /* btn-facebook40.png in Resources */,
				5E1DCCA31AD47C53002D41FD /* btn-x.png in Resources */,
				A0A709CF1ACAC9DB00E772B9 /* LaunchScreen.xib in Resources */,
				A003EB1A1AD4DB8800EE51A1 /* item-lawnmower.png in Resources */,
				A018DF8D1ADE09A500AF5550 /* mock-additem.png in Resources */,
				A0D96F901AD7751E0046DA13 /* mock-settings.png in Resources */,
				A0A200051ACE30C200A42CD8 /* btn-logout40.png in Resources */,
				5E0242931AC481E80094BB05 /* menubtn.png in Resources */,
				5E0242911AC47FFB0094BB05 /* Screen Shot 2015-03-26 at 1.56.29 PM 1.png in Resources */,
				A0D96F7B1AD765990046DA13 /* icon-down.png in Resources */,
				A0A200031ACE2F7500A42CD8 /* btn-sign-in40.png in Resources */,
				A03508F31AB3C34900CA6455 /* SplashScreen-bkg.png in Resources */,
				A0D96F7A1AD765990046DA13 /* icon-filter.png in Resources */,
				A003EB161AD4D71C00EE51A1 /* mock-menu.png in Resources */,
				A0D96F7D1AD765990046DA13 /* icon-pencil.png in Resources */,
				A0D96F7E1AD765990046DA13 /* icon-house.png in Resources */,
			);
			runOnlyForDeploymentPostprocessing = 0;
		};
		5EBDD69E1AB211E600C7FBE7 /* Resources */ = {
			isa = PBXResourcesBuildPhase;
			buildActionMask = 2147483647;
			files = (
			);
			runOnlyForDeploymentPostprocessing = 0;
		};
/* End PBXResourcesBuildPhase section */

/* Begin PBXSourcesBuildPhase section */
		5E8055431AEA78790035521C /* Sources */ = {
			isa = PBXSourcesBuildPhase;
			buildActionMask = 2147483647;
			files = (
			);
			runOnlyForDeploymentPostprocessing = 0;
		};
		5EBDD6871AB211E600C7FBE7 /* Sources */ = {
			isa = PBXSourcesBuildPhase;
			buildActionMask = 2147483647;
			files = (
				5EE2C9B71AB9F0FB0031D8CD /* MDCPanState.m in Sources */,
				5EBDD6931AB211E600C7FBE7 /* ViewController.swift in Sources */,
				5EE2C98B1AB9D1730031D8CD /* FeedScreen.swift in Sources */,
				A0D96F801AD767BD0046DA13 /* MenuTableView.swift in Sources */,
				A0D96F8A1AD773DB0046DA13 /* FeedFilter.swift in Sources */,
				5EE2C9B91AB9F0FB0031D8CD /* UIColor+MDCRGB8Bit.m in Sources */,
				A0D96F881AD772DA0046DA13 /* HoldingPattern.swift in Sources */,
				A003EB141AD4CCA600EE51A1 /* SWRevealViewController.m in Sources */,
				A0D96F841AD76F1F0046DA13 /* SettingsView.swift in Sources */,
				5E8055421AE541460035521C /* ItemDetails.swift in Sources */,
				5EE2C9BA1AB9F0FB0031D8CD /* UIView+MDCBorderedLabel.m in Sources */,
				A0D96F821AD76D8E0046DA13 /* BuyersTrunkView.swift in Sources */,
				5EE2C9B81AB9F0FB0031D8CD /* MDCGeometry.m in Sources */,
				5EE2C9BB1AB9F0FB0031D8CD /* MDCViewState.m in Sources */,
				A0D96F861AD771900046DA13 /* SellersGarage.swift in Sources */,
				A06AA9EE1AD609530075D7F7 /* Bakkle.swift in Sources */,
				5EE2C9B41AB9F0FB0031D8CD /* MDCSwipeOptions.m in Sources */,
				5EE2C9B61AB9F0FB0031D8CD /* MDCSwipeResult.m in Sources */,
				5E1DCCA51AD486D2002D41FD /* AddItem.swift in Sources */,
				5EBDD6911AB211E600C7FBE7 /* AppDelegate.swift in Sources */,
				5E1FEE7C1AD8641900C08131 /* MDCSwipeToChooseView.m in Sources */,
				5EE2C9B21AB9F0FB0031D8CD /* UIView+MDCSwipeToChoose.m in Sources */,
				5EE2C9B51AB9F0FB0031D8CD /* MDCSwipeToChooseViewOptions.m in Sources */,
				5E0E0CD51ADEE86C008D9467 /* ImageLabelView.swift in Sources */,
			);
			runOnlyForDeploymentPostprocessing = 0;
		};
		5EBDD69C1AB211E600C7FBE7 /* Sources */ = {
			isa = PBXSourcesBuildPhase;
			buildActionMask = 2147483647;
			files = (
				5EBDD6A71AB211E600C7FBE7 /* BakkleTests.swift in Sources */,
			);
			runOnlyForDeploymentPostprocessing = 0;
		};
/* End PBXSourcesBuildPhase section */

/* Begin PBXTargetDependency section */
		5E8055591AEA78790035521C /* PBXTargetDependency */ = {
			isa = PBXTargetDependency;
			target = 5E8055551AEA78790035521C /* Bakkle WatchKit App */;
			targetProxy = 5E8055581AEA78790035521C /* PBXContainerItemProxy */;
		};
		5EBDD6A21AB211E600C7FBE7 /* PBXTargetDependency */ = {
			isa = PBXTargetDependency;
			target = 5EBDD68A1AB211E600C7FBE7 /* Bakkle */;
			targetProxy = 5EBDD6A11AB211E600C7FBE7 /* PBXContainerItemProxy */;
		};
/* End PBXTargetDependency section */

/* Begin PBXVariantGroup section */
		5EBDD6941AB211E600C7FBE7 /* Main.storyboard */ = {
			isa = PBXVariantGroup;
			children = (
				5EBDD6951AB211E600C7FBE7 /* Base */,
			);
			name = Main.storyboard;
			sourceTree = "<group>";
		};
		5EBDD6991AB211E600C7FBE7 /* LaunchScreen.xib */ = {
			isa = PBXVariantGroup;
			children = (
				5EBDD69A1AB211E600C7FBE7 /* Base */,
			);
			name = LaunchScreen.xib;
			sourceTree = "<group>";
		};
/* End PBXVariantGroup section */

/* Begin XCBuildConfiguration section */
		5E8055651AEA78790035521C /* Debug */ = {
			isa = XCBuildConfiguration;
			buildSettings = {
				CODE_SIGN_IDENTITY = "iPhone Developer";
				"CODE_SIGN_IDENTITY[sdk=iphoneos*]" = "iPhone Developer";
				DEBUG_INFORMATION_FORMAT = "dwarf-with-dsym";
				GCC_NO_COMMON_BLOCKS = YES;
				GCC_PREPROCESSOR_DEFINITIONS = (
					"DEBUG=1",
					"$(inherited)",
				);
				INFOPLIST_FILE = "Bakkle WatchKit Extension/Info.plist";
				IPHONEOS_DEPLOYMENT_TARGET = 8.3;
				LD_RUNPATH_SEARCH_PATHS = "$(inherited) @executable_path/Frameworks @executable_path/../../Frameworks";
				PRODUCT_NAME = "${TARGET_NAME}";
				SKIP_INSTALL = YES;
			};
			name = Debug;
		};
		5E8055661AEA78790035521C /* Release */ = {
			isa = XCBuildConfiguration;
			buildSettings = {
				CODE_SIGN_IDENTITY = "iPhone Developer";
				"CODE_SIGN_IDENTITY[sdk=iphoneos*]" = "iPhone Developer";
				COPY_PHASE_STRIP = NO;
				DEBUG_INFORMATION_FORMAT = "dwarf-with-dsym";
				GCC_NO_COMMON_BLOCKS = YES;
				INFOPLIST_FILE = "Bakkle WatchKit Extension/Info.plist";
				IPHONEOS_DEPLOYMENT_TARGET = 8.3;
				LD_RUNPATH_SEARCH_PATHS = "$(inherited) @executable_path/Frameworks @executable_path/../../Frameworks";
				PRODUCT_NAME = "${TARGET_NAME}";
				SKIP_INSTALL = YES;
			};
			name = Release;
		};
		5E8055671AEA78790035521C /* Debug */ = {
			isa = XCBuildConfiguration;
			buildSettings = {
				ASSETCATALOG_COMPILER_APPICON_NAME = AppIcon;
				CODE_SIGN_IDENTITY = "iPhone Developer";
				DEBUG_INFORMATION_FORMAT = "dwarf-with-dsym";
				GCC_NO_COMMON_BLOCKS = YES;
				GCC_PREPROCESSOR_DEFINITIONS = (
					"DEBUG=1",
					"$(inherited)",
				);
				IBSC_MODULE = Bakkle_WatchKit_Extension;
				INFOPLIST_FILE = "Bakkle WatchKit App/Info.plist";
				IPHONEOS_DEPLOYMENT_TARGET = 8.2;
				PRODUCT_NAME = "$(TARGET_NAME)";
				SDKROOT = iphoneos;
				SKIP_INSTALL = YES;
				TARGETED_DEVICE_FAMILY = 4;
				"TARGETED_DEVICE_FAMILY[sdk=iphonesimulator*]" = "1,4";
			};
			name = Debug;
		};
		5E8055681AEA78790035521C /* Release */ = {
			isa = XCBuildConfiguration;
			buildSettings = {
				ASSETCATALOG_COMPILER_APPICON_NAME = AppIcon;
				CODE_SIGN_IDENTITY = "iPhone Developer";
				COPY_PHASE_STRIP = NO;
				DEBUG_INFORMATION_FORMAT = "dwarf-with-dsym";
				GCC_NO_COMMON_BLOCKS = YES;
				IBSC_MODULE = Bakkle_WatchKit_Extension;
				INFOPLIST_FILE = "Bakkle WatchKit App/Info.plist";
				IPHONEOS_DEPLOYMENT_TARGET = 8.2;
				PRODUCT_NAME = "$(TARGET_NAME)";
				SDKROOT = iphoneos;
				SKIP_INSTALL = YES;
				TARGETED_DEVICE_FAMILY = 4;
				"TARGETED_DEVICE_FAMILY[sdk=iphonesimulator*]" = "1,4";
			};
			name = Release;
		};
		5EBDD6A81AB211E600C7FBE7 /* Debug */ = {
			isa = XCBuildConfiguration;
			buildSettings = {
				ALWAYS_SEARCH_USER_PATHS = NO;
				CLANG_CXX_LANGUAGE_STANDARD = "gnu++0x";
				CLANG_CXX_LIBRARY = "libc++";
				CLANG_ENABLE_MODULES = YES;
				CLANG_ENABLE_OBJC_ARC = YES;
				CLANG_WARN_BOOL_CONVERSION = YES;
				CLANG_WARN_CONSTANT_CONVERSION = YES;
				CLANG_WARN_DIRECT_OBJC_ISA_USAGE = YES_ERROR;
				CLANG_WARN_EMPTY_BODY = YES;
				CLANG_WARN_ENUM_CONVERSION = YES;
				CLANG_WARN_INT_CONVERSION = YES;
				CLANG_WARN_OBJC_ROOT_CLASS = YES_ERROR;
				CLANG_WARN_UNREACHABLE_CODE = YES;
				CLANG_WARN__DUPLICATE_METHOD_MATCH = YES;
				"CODE_SIGN_IDENTITY[sdk=iphoneos*]" = "iPhone Developer";
				COPY_PHASE_STRIP = NO;
				ENABLE_STRICT_OBJC_MSGSEND = YES;
				GCC_C_LANGUAGE_STANDARD = gnu99;
				GCC_DYNAMIC_NO_PIC = NO;
				GCC_OPTIMIZATION_LEVEL = 0;
				GCC_PREPROCESSOR_DEFINITIONS = (
					"DEBUG=1",
					"$(inherited)",
				);
				GCC_SYMBOLS_PRIVATE_EXTERN = NO;
				GCC_WARN_64_TO_32_BIT_CONVERSION = YES;
				GCC_WARN_ABOUT_RETURN_TYPE = YES_ERROR;
				GCC_WARN_UNDECLARED_SELECTOR = YES;
				GCC_WARN_UNINITIALIZED_AUTOS = YES_AGGRESSIVE;
				GCC_WARN_UNUSED_FUNCTION = YES;
				GCC_WARN_UNUSED_VARIABLE = YES;
				IPHONEOS_DEPLOYMENT_TARGET = 8.0;
				MTL_ENABLE_DEBUG_INFO = YES;
				ONLY_ACTIVE_ARCH = YES;
				SDKROOT = iphoneos;
				SWIFT_OPTIMIZATION_LEVEL = "-Onone";
			};
			name = Debug;
		};
		5EBDD6A91AB211E600C7FBE7 /* Release */ = {
			isa = XCBuildConfiguration;
			buildSettings = {
				ALWAYS_SEARCH_USER_PATHS = NO;
				CLANG_CXX_LANGUAGE_STANDARD = "gnu++0x";
				CLANG_CXX_LIBRARY = "libc++";
				CLANG_ENABLE_MODULES = YES;
				CLANG_ENABLE_OBJC_ARC = YES;
				CLANG_WARN_BOOL_CONVERSION = YES;
				CLANG_WARN_CONSTANT_CONVERSION = YES;
				CLANG_WARN_DIRECT_OBJC_ISA_USAGE = YES_ERROR;
				CLANG_WARN_EMPTY_BODY = YES;
				CLANG_WARN_ENUM_CONVERSION = YES;
				CLANG_WARN_INT_CONVERSION = YES;
				CLANG_WARN_OBJC_ROOT_CLASS = YES_ERROR;
				CLANG_WARN_UNREACHABLE_CODE = YES;
				CLANG_WARN__DUPLICATE_METHOD_MATCH = YES;
				"CODE_SIGN_IDENTITY[sdk=iphoneos*]" = "iPhone Developer";
				COPY_PHASE_STRIP = YES;
				ENABLE_NS_ASSERTIONS = NO;
				ENABLE_STRICT_OBJC_MSGSEND = YES;
				GCC_C_LANGUAGE_STANDARD = gnu99;
				GCC_WARN_64_TO_32_BIT_CONVERSION = YES;
				GCC_WARN_ABOUT_RETURN_TYPE = YES_ERROR;
				GCC_WARN_UNDECLARED_SELECTOR = YES;
				GCC_WARN_UNINITIALIZED_AUTOS = YES_AGGRESSIVE;
				GCC_WARN_UNUSED_FUNCTION = YES;
				GCC_WARN_UNUSED_VARIABLE = YES;
				IPHONEOS_DEPLOYMENT_TARGET = 8.0;
				MTL_ENABLE_DEBUG_INFO = NO;
				SDKROOT = iphoneos;
				VALIDATE_PRODUCT = YES;
			};
			name = Release;
		};
		5EBDD6AB1AB211E600C7FBE7 /* Debug */ = {
			isa = XCBuildConfiguration;
			buildSettings = {
				ASSETCATALOG_COMPILER_APPICON_NAME = AppIcon;
				ASSETCATALOG_COMPILER_LAUNCHIMAGE_NAME = LaunchImage;
				CODE_SIGN_IDENTITY = "iPhone Developer";
				"CODE_SIGN_IDENTITY[sdk=iphoneos*]" = "iPhone Developer";
				FRAMEWORK_SEARCH_PATHS = (
					"$(inherited)",
					"$(PROJECT_DIR)",
				);
				INFOPLIST_FILE = Bakkle/Info.plist;
				IPHONEOS_DEPLOYMENT_TARGET = 7.1;
				LD_RUNPATH_SEARCH_PATHS = "$(inherited) @executable_path/Frameworks";
				LIBRARY_SEARCH_PATHS = (
					"$(inherited)",
					"$(PROJECT_DIR)/FacebookSDK.framework/Versions/A",
				);
				PRODUCT_NAME = "$(TARGET_NAME)";
				PROVISIONING_PROFILE = "";
				SDKROOT = iphoneos;
				SWIFT_OBJC_BRIDGING_HEADER = "Bakkle/Bridging-Header.h";
				TARGETED_DEVICE_FAMILY = 1;
			};
			name = Debug;
		};
		5EBDD6AC1AB211E600C7FBE7 /* Release */ = {
			isa = XCBuildConfiguration;
			buildSettings = {
				ASSETCATALOG_COMPILER_APPICON_NAME = AppIcon;
				ASSETCATALOG_COMPILER_LAUNCHIMAGE_NAME = LaunchImage;
				CODE_SIGN_IDENTITY = "iPhone Developer";
				"CODE_SIGN_IDENTITY[sdk=iphoneos*]" = "iPhone Developer";
				FRAMEWORK_SEARCH_PATHS = (
					"$(inherited)",
					"$(PROJECT_DIR)",
				);
				INFOPLIST_FILE = Bakkle/Info.plist;
				IPHONEOS_DEPLOYMENT_TARGET = 7.1;
				LD_RUNPATH_SEARCH_PATHS = "$(inherited) @executable_path/Frameworks";
				LIBRARY_SEARCH_PATHS = (
					"$(inherited)",
					"$(PROJECT_DIR)/FacebookSDK.framework/Versions/A",
				);
				PRODUCT_NAME = "$(TARGET_NAME)";
				PROVISIONING_PROFILE = "";
				SDKROOT = iphoneos;
				SWIFT_OBJC_BRIDGING_HEADER = "Bakkle/Bridging-Header.h";
				TARGETED_DEVICE_FAMILY = 1;
			};
			name = Release;
		};
		5EBDD6AE1AB211E600C7FBE7 /* Debug */ = {
			isa = XCBuildConfiguration;
			buildSettings = {
				BUNDLE_LOADER = "$(TEST_HOST)";
				FRAMEWORK_SEARCH_PATHS = (
					"$(SDKROOT)/Developer/Library/Frameworks",
					"$(inherited)",
				);
				GCC_PREPROCESSOR_DEFINITIONS = (
					"DEBUG=1",
					"$(inherited)",
				);
				INFOPLIST_FILE = BakkleTests/Info.plist;
				LD_RUNPATH_SEARCH_PATHS = "$(inherited) @executable_path/Frameworks @loader_path/Frameworks";
				PRODUCT_NAME = "$(TARGET_NAME)";
				TEST_HOST = "$(BUILT_PRODUCTS_DIR)/Bakkle.app/Bakkle";
			};
			name = Debug;
		};
		5EBDD6AF1AB211E600C7FBE7 /* Release */ = {
			isa = XCBuildConfiguration;
			buildSettings = {
				BUNDLE_LOADER = "$(TEST_HOST)";
				FRAMEWORK_SEARCH_PATHS = (
					"$(SDKROOT)/Developer/Library/Frameworks",
					"$(inherited)",
				);
				INFOPLIST_FILE = BakkleTests/Info.plist;
				LD_RUNPATH_SEARCH_PATHS = "$(inherited) @executable_path/Frameworks @loader_path/Frameworks";
				PRODUCT_NAME = "$(TARGET_NAME)";
				TEST_HOST = "$(BUILT_PRODUCTS_DIR)/Bakkle.app/Bakkle";
			};
			name = Release;
		};
/* End XCBuildConfiguration section */

/* Begin XCConfigurationList section */
		5E8055691AEA78790035521C /* Build configuration list for PBXNativeTarget "Bakkle WatchKit App" */ = {
			isa = XCConfigurationList;
			buildConfigurations = (
				5E8055671AEA78790035521C /* Debug */,
				5E8055681AEA78790035521C /* Release */,
			);
			defaultConfigurationIsVisible = 0;
			defaultConfigurationName = Release;
		};
		5E80556A1AEA78790035521C /* Build configuration list for PBXNativeTarget "Bakkle WatchKit Extension" */ = {
			isa = XCConfigurationList;
			buildConfigurations = (
				5E8055651AEA78790035521C /* Debug */,
				5E8055661AEA78790035521C /* Release */,
			);
			defaultConfigurationIsVisible = 0;
			defaultConfigurationName = Release;
		};
		5EBDD6861AB211E600C7FBE7 /* Build configuration list for PBXProject "Bakkle" */ = {
			isa = XCConfigurationList;
			buildConfigurations = (
				5EBDD6A81AB211E600C7FBE7 /* Debug */,
				5EBDD6A91AB211E600C7FBE7 /* Release */,
			);
			defaultConfigurationIsVisible = 0;
			defaultConfigurationName = Release;
		};
		5EBDD6AA1AB211E600C7FBE7 /* Build configuration list for PBXNativeTarget "Bakkle" */ = {
			isa = XCConfigurationList;
			buildConfigurations = (
				5EBDD6AB1AB211E600C7FBE7 /* Debug */,
				5EBDD6AC1AB211E600C7FBE7 /* Release */,
			);
			defaultConfigurationIsVisible = 0;
			defaultConfigurationName = Release;
		};
		5EBDD6AD1AB211E600C7FBE7 /* Build configuration list for PBXNativeTarget "BakkleTests" */ = {
			isa = XCConfigurationList;
			buildConfigurations = (
				5EBDD6AE1AB211E600C7FBE7 /* Debug */,
				5EBDD6AF1AB211E600C7FBE7 /* Release */,
			);
			defaultConfigurationIsVisible = 0;
			defaultConfigurationName = Release;
		};
/* End XCConfigurationList section */
	};
	rootObject = 5EBDD6831AB211E600C7FBE7 /* Project object */;
}
